
Microsoft Visual Studio Solution File, Format Version 12.00
# Visual Studio Version 17
VisualStudioVersion = 17.9.34701.34
MinimumVisualStudioVersion = 10.0.40219.1
Project("{9A19103F-16F7-4668-BE54-9A1E7A4F7556}") = "Web", "Auz\Web.csproj", "{92D82821-0BEE-43C2-B5A0-B0843E77CC2D}"
	ProjectSection(ProjectDependencies) = postProject
		{A9C531B0-88F9-4D82-9A96-13E2006ABADC} = {A9C531B0-88F9-4D82-9A96-13E2006ABADC}
		{EE545738-92A8-40C6-9A09-996981D388A7} = {EE545738-92A8-40C6-9A09-996981D388A7}
	EndProjectSection
EndProject
Project("{9A19103F-16F7-4668-BE54-9A1E7A4F7556}") = "Domain", "Domain\Domain.csproj", "{8F13EF0C-77D3-4085-AF23-408FACEEDEF7}"
EndProject
Project("{9A19103F-16F7-4668-BE54-9A1E7A4F7556}") = "Application", "Application\Application.csproj", "{EE545738-92A8-40C6-9A09-996981D388A7}"
	ProjectSection(ProjectDependencies) = postProject
		{8F13EF0C-77D3-4085-AF23-408FACEEDEF7} = {8F13EF0C-77D3-4085-AF23-408FACEEDEF7}
		{A9C531B0-88F9-4D82-9A96-13E2006ABADC} = {A9C531B0-88F9-4D82-9A96-13E2006ABADC}
	EndProjectSection
EndProject
Project("{9A19103F-16F7-4668-BE54-9A1E7A4F7556}") = "Infra", "Infra\Infra.csproj", "{A9C531B0-88F9-4D82-9A96-13E2006ABADC}"
	ProjectSection(ProjectDependencies) = postProject
		{8F13EF0C-77D3-4085-AF23-408FACEEDEF7} = {8F13EF0C-77D3-4085-AF23-408FACEEDEF7}
	EndProjectSection
EndProject
Project("{2150E333-8FDC-42A3-9474-1A3956D46DE8}") = "Itens de Solução", "Itens de Solução", "{0093C8B8-59AC-43B7-96BB-C2CBEB90BF6A}"
	ProjectSection(SolutionItems) = preProject
		Dockerfile = Dockerfile
	EndProjectSection
EndProject
Global
	GlobalSection(SolutionConfigurationPlatforms) = preSolution
		Debug|Any CPU = Debug|Any CPU
		Release|Any CPU = Release|Any CPU
	EndGlobalSection
	GlobalSection(ProjectConfigurationPlatforms) = postSolution
		{92D82821-0BEE-43C2-B5A0-B0843E77CC2D}.Debug|Any CPU.ActiveCfg = Debug|Any CPU
		{92D82821-0BEE-43C2-B5A0-B0843E77CC2D}.Debug|Any CPU.Build.0 = Debug|Any CPU
		{92D82821-0BEE-43C2-B5A0-B0843E77CC2D}.Release|Any CPU.ActiveCfg = Release|Any CPU
		{92D82821-0BEE-43C2-B5A0-B0843E77CC2D}.Release|Any CPU.Build.0 = Release|Any CPU
		{8F13EF0C-77D3-4085-AF23-408FACEEDEF7}.Debug|Any CPU.ActiveCfg = Debug|Any CPU
		{8F13EF0C-77D3-4085-AF23-408FACEEDEF7}.Debug|Any CPU.Build.0 = Debug|Any CPU
		{8F13EF0C-77D3-4085-AF23-408FACEEDEF7}.Release|Any CPU.ActiveCfg = Release|Any CPU
		{8F13EF0C-77D3-4085-AF23-408FACEEDEF7}.Release|Any CPU.Build.0 = Release|Any CPU
		{EE545738-92A8-40C6-9A09-996981D388A7}.Debug|Any CPU.ActiveCfg = Debug|Any CPU
		{EE545738-92A8-40C6-9A09-996981D388A7}.Debug|Any CPU.Build.0 = Debug|Any CPU
		{EE545738-92A8-40C6-9A09-996981D388A7}.Release|Any CPU.ActiveCfg = Release|Any CPU
		{EE545738-92A8-40C6-9A09-996981D388A7}.Release|Any CPU.Build.0 = Release|Any CPU
		{A9C531B0-88F9-4D82-9A96-13E2006ABADC}.Debug|Any CPU.ActiveCfg = Debug|Any CPU
		{A9C531B0-88F9-4D82-9A96-13E2006ABADC}.Debug|Any CPU.Build.0 = Debug|Any CPU
		{A9C531B0-88F9-4D82-9A96-13E2006ABADC}.Release|Any CPU.ActiveCfg = Release|Any CPU
		{A9C531B0-88F9-4D82-9A96-13E2006ABADC}.Release|Any CPU.Build.0 = Release|Any CPU
	EndGlobalSection
	GlobalSection(SolutionProperties) = preSolution
		HideSolutionNode = FALSE
	EndGlobalSection
	GlobalSection(ExtensibilityGlobals) = postSolution
		SolutionGuid = {9D72B7B6-51E7-4E5D-81AD-0AAC3685445D}
	EndGlobalSection
EndGlobal
